// !$*UTF8*$!
{
	archiveVersion = 1;
	classes = {
	};
	objectVersion = 50;
	objects = {

/* Begin PBXBuildFile section */
		9483820926C2AA820073E450 /* TestChangeViewApp.swift in Sources */ = {isa = PBXBuildFile; fileRef = 9483820826C2AA820073E450 /* TestChangeViewApp.swift */; };
		9483820B26C2AA820073E450 /* ContentView.swift in Sources */ = {isa = PBXBuildFile; fileRef = 9483820A26C2AA820073E450 /* ContentView.swift */; };
		9483820D26C2AA830073E450 /* Assets.xcassets in Resources */ = {isa = PBXBuildFile; fileRef = 9483820C26C2AA830073E450 /* Assets.xcassets */; };
		9483821026C2AA830073E450 /* Preview Assets.xcassets in Resources */ = {isa = PBXBuildFile; fileRef = 9483820F26C2AA830073E450 /* Preview Assets.xcassets */; };
		9483821826C2AAA50073E450 /* View1.swift in Sources */ = {isa = PBXBuildFile; fileRef = 9483821726C2AAA50073E450 /* View1.swift */; };
		9483821A26C2ABB50073E450 /* View2.swift in Sources */ = {isa = PBXBuildFile; fileRef = 9483821926C2ABB50073E450 /* View2.swift */; };
/* End PBXBuildFile section */

/* Begin PBXFileReference section */
		94452BBB26CB4BDA005C664D /* README.md */ = {isa = PBXFileReference; lastKnownFileType = net.daringfireball.markdown; path = README.md; sourceTree = "<group>"; };
		9483820526C2AA820073E450 /* TestChangeView.app */ = {isa = PBXFileReference; explicitFileType = wrapper.application; includeInIndex = 0; path = TestChangeView.app; sourceTree = BUILT_PRODUCTS_DIR; };
		9483820826C2AA820073E450 /* TestChangeViewApp.swift */ = {isa = PBXFileReference; lastKnownFileType = sourcecode.swift; path = TestChangeViewApp.swift; sourceTree = "<group>"; };
		9483820A26C2AA820073E450 /* ContentView.swift */ = {isa = PBXFileReference; lastKnownFileType = sourcecode.swift; path = ContentView.swift; sourceTree = "<group>"; };
		9483820C26C2AA830073E450 /* Assets.xcassets */ = {isa = PBXFileReference; lastKnownFileType = folder.assetcatalog; path = Assets.xcassets; sourceTree = "<group>"; };
		9483820F26C2AA830073E450 /* Preview Assets.xcassets */ = {isa = PBXFileReference; lastKnownFileType = folder.assetcatalog; path = "Preview Assets.xcassets"; sourceTree = "<group>"; };
		9483821126C2AA830073E450 /* Info.plist */ = {isa = PBXFileReference; lastKnownFileType = text.plist.xml; path = Info.plist; sourceTree = "<group>"; };
		9483821726C2AAA50073E450 /* View1.swift */ = {isa = PBXFileReference; lastKnownFileType = sourcecode.swift; path = View1.swift; sourceTree = "<group>"; };
		9483821926C2ABB50073E450 /* View2.swift */ = {isa = PBXFileReference; lastKnownFileType = sourcecode.swift; path = View2.swift; sourceTree = "<group>"; };
/* End PBXFileReference section */

/* Begin PBXFrameworksBuildPhase section */
		9483820226C2AA820073E450 /* Frameworks */ = {
			isa = PBXFrameworksBuildPhase;
			buildActionMask = 2147483647;
			files = (
			);
			runOnlyForDeploymentPostprocessing = 0;
		};
/* End PBXFrameworksBuildPhase section */

/* Begin PBXGroup section */
		948381FC26C2AA820073E450 = {
			isa = PBXGroup;
			children = (
				94452BBB26CB4BDA005C664D /* README.md */,
				9483820726C2AA820073E450 /* TestChangeView */,
				9483820626C2AA820073E450 /* Products */,
			);
			sourceTree = "<group>";
		};
		9483820626C2AA820073E450 /* Products */ = {
			isa = PBXGroup;
			children = (
				9483820526C2AA820073E450 /* TestChangeView.app */,
			);
			name = Products;
			sourceTree = "<group>";
		};
		9483820726C2AA820073E450 /* TestChangeView */ = {
			isa = PBXGroup;
			children = (
				9483820826C2AA820073E450 /* TestChangeViewApp.swift */,
				9483820A26C2AA820073E450 /* ContentView.swift */,
				9483820C26C2AA830073E450 /* Assets.xcassets */,
				9483821126C2AA830073E450 /* Info.plist */,
				9483820E26C2AA830073E450 /* Preview Content */,
				9483821726C2AAA50073E450 /* View1.swift */,
				9483821926C2ABB50073E450 /* View2.swift */,
			);
			path = TestChangeView;
			sourceTree = "<group>";
		};
		9483820E26C2AA830073E450 /* Preview Content */ = {
			isa = PBXGroup;
			children = (
				9483820F26C2AA830073E450 /* Preview Assets.xcassets */,
			);
			path = "Preview Content";
			sourceTree = "<group>";
		};
/* End PBXGroup section */

/* Begin PBXNativeTarget section */
		9483820426C2AA820073E450 /* TestChangeView */ = {
			isa = PBXNativeTarget;
			buildConfigurationList = 9483821426C2AA830073E450 /* Build configuration list for PBXNativeTarget "TestChangeView" */;
			buildPhases = (
				9483820126C2AA820073E450 /* Sources */,
				9483820226C2AA820073E450 /* Frameworks */,
				9483820326C2AA820073E450 /* Resources */,
			);
			buildRules = (
			);
			dependencies = (
			);
			name = TestChangeView;
			productName = TestChangeView;
			productReference = 9483820526C2AA820073E450 /* TestChangeView.app */;
			productType = "com.apple.product-type.application";
		};
/* End PBXNativeTarget section */

/* Begin PBXProject section */
		948381FD26C2AA820073E450 /* Project object */ = {
			isa = PBXProject;
			attributes = {
				LastSwiftUpdateCheck = 1250;
				LastUpgradeCheck = 1250;
				TargetAttributes = {
					9483820426C2AA820073E450 = {
						CreatedOnToolsVersion = 12.5.1;
					};
				};
			};
			buildConfigurationList = 9483820026C2AA820073E450 /* Build configuration list for PBXProject "TestChangeView" */;
			compatibilityVersion = "Xcode 9.3";
			developmentRegion = en;
			hasScannedForEncodings = 0;
			knownRegions = (
				en,
				Base,
			);
			mainGroup = 948381FC26C2AA820073E450;
			productRefGroup = 9483820626C2AA820073E450 /* Products */;
			projectDirPath = "";
			projectRoot = "";
			targets = (
				9483820426C2AA820073E450 /* TestChangeView */,
			);
		};
/* End PBXProject section */

/* Begin PBXResourcesBuildPhase section */
		9483820326C2AA820073E450 /* Resources */ = {
			isa = PBXResourcesBuildPhase;
			buildActionMask = 2147483647;
			files = (
				9483821026C2AA830073E450 /* Preview Assets.xcassets in Resources */,
				9483820D26C2AA830073E450 /* Assets.xcassets in Resources */,
			);
			runOnlyForDeploymentPostprocessing = 0;
		};
/* End PBXResourcesBuildPhase section */

/* Begin PBXSourcesBuildPhase section */
		9483820126C2AA820073E450 /* Sources */ = {
			isa = PBXSourcesBuildPhase;
			buildActionMask = 2147483647;
			files = (
				9483820B26C2AA820073E450 /* ContentView.swift in Sources */,
				9483821826C2AAA50073E450 /* View1.swift in Sources */,
				9483820926C2AA820073E450 /* TestChangeViewApp.swift in Sources */,
				9483821A26C2ABB50073E450 /* View2.swift in Sources */,
			);
			runOnlyForDeploymentPostprocessing = 0;
		};
/* End PBXSourcesBuildPhase section */

/* Begin XCBuildConfiguration section */
		9483821226C2AA830073E450 /* Debug */ = {
			isa = XCBuildConfiguration;
			buildSettings = {
				ALWAYS_SEARCH_USER_PATHS = NO;
				CLANG_ANALYZER_NONNULL = YES;
				CLANG_ANALYZER_NUMBER_OBJECT_CONVERSION = YES_AGGRESSIVE;
				CLANG_CXX_LANGUAGE_STANDARD = "gnu++14";
				CLANG_CXX_LIBRARY = "libc++";
				CLANG_ENABLE_MODULES = YES;
				CLANG_ENABLE_OBJC_ARC = YES;
				CLANG_ENABLE_OBJC_WEAK = YES;
				CLANG_WARN_BLOCK_CAPTURE_AUTORELEASING = YES;
				CLANG_WARN_BOOL_CONVERSION = YES;
				CLANG_WARN_COMMA = YES;
				CLANG_WARN_CONSTANT_CONVERSION = YES;
				CLANG_WARN_DEPRECATED_OBJC_IMPLEMENTATIONS = YES;
				CLANG_WARN_DIRECT_OBJC_ISA_USAGE = YES_ERROR;
				CLANG_WARN_DOCUMENTATION_COMMENTS = YES;
				CLANG_WARN_EMPTY_BODY = YES;
				CLANG_WARN_ENUM_CONVERSION = YES;
				CLANG_WARN_INFINITE_RECURSION = YES;
				CLANG_WARN_INT_CONVERSION = YES;
				CLANG_WARN_NON_LITERAL_NULL_CONVERSION = YES;
				CLANG_WARN_OBJC_IMPLICIT_RETAIN_SELF = YES;
				CLANG_WARN_OBJC_LITERAL_CONVERSION = YES;
				CLANG_WARN_OBJC_ROOT_CLASS = YES_ERROR;
				CLANG_WARN_QUOTED_INCLUDE_IN_FRAMEWORK_HEADER = YES;
				CLANG_WARN_RANGE_LOOP_ANALYSIS = YES;
				CLANG_WARN_STRICT_PROTOTYPES = YES;
				CLANG_WARN_SUSPICIOUS_MOVE = YES;
				CLANG_WARN_UNGUARDED_AVAILABILITY = YES_AGGRESSIVE;
				CLANG_WARN_UNREACHABLE_CODE = YES;
				CLANG_WARN__DUPLICATE_METHOD_MATCH = YES;
				COPY_PHASE_STRIP = NO;
				DEBUG_INFORMATION_FORMAT = dwarf;
				ENABLE_STRICT_OBJC_MSGSEND = YES;
				ENABLE_TESTABILITY = YES;
				GCC_C_LANGUAGE_STANDARD = gnu11;
				GCC_DYNAMIC_NO_PIC = NO;
				GCC_NO_COMMON_BLOCKS = YES;
				GCC_OPTIMIZATION_LEVEL = 0;
				GCC_PREPROCESSOR_DEFINITIONS = (
					"DEBUG=1",
					"$(inherited)",
				);
				GCC_WARN_64_TO_32_BIT_CONVERSION = YES;
				GCC_WARN_ABOUT_RETURN_TYPE = YES_ERROR;
				GCC_WARN_UNDECLARED_SELECTOR = YES;
				GCC_WARN_UNINITIALIZED_AUTOS = YES_AGGRESSIVE;
				GCC_WARN_UNUSED_FUNCTION = YES;
				GCC_WARN_UNUSED_VARIABLE = YES;
				IPHONEOS_DEPLOYMENT_TARGET = 14.1;
				MTL_ENABLE_DEBUG_INFO = INCLUDE_SOURCE;
				MTL_FAST_MATH = YES;
				ONLY_ACTIVE_ARCH = YES;
				SDKROOT = iphoneos;
				SWIFT_ACTIVE_COMPILATION_CONDITIONS = DEBUG;
				SWIFT_OPTIMIZATION_LEVEL = "-Onone";
			};
			name = Debug;
		};
		9483821326C2AA830073E450 /* Release */ = {
			isa = XCBuildConfiguration;
			buildSettings = {
				ALWAYS_SEARCH_USER_PATHS = NO;
				CLANG_ANALYZER_NONNULL = YES;
				CLANG_ANALYZER_NUMBER_OBJECT_CONVERSION = YES_AGGRESSIVE;
				CLANG_CXX_LANGUAGE_STANDARD = "gnu++14";
				CLANG_CXX_LIBRARY = "libc++";
				CLANG_ENABLE_MODULES = YES;
				CLANG_ENABLE_OBJC_ARC = YES;
				CLANG_ENABLE_OBJC_WEAK = YES;
				CLANG_WARN_BLOCK_CAPTURE_AUTORELEASING = YES;
				CLANG_WARN_BOOL_CONVERSION = YES;
				CLANG_WARN_COMMA = YES;
				CLANG_WARN_CONSTANT_CONVERSION = YES;
				CLANG_WARN_DEPRECATED_OBJC_IMPLEMENTATIONS = YES;
				CLANG_WARN_DIRECT_OBJC_ISA_USAGE = YES_ERROR;
				CLANG_WARN_DOCUMENTATION_COMMENTS = YES;
				CLANG_WARN_EMPTY_BODY = YES;
				CLANG_WARN_ENUM_CONVERSION = YES;
				CLANG_WARN_INFINITE_RECURSION = YES;
				CLANG_WARN_INT_CONVERSION = YES;
				CLANG_WARN_NON_LITERAL_NULL_CONVERSION = YES;
				CLANG_WARN_OBJC_IMPLICIT_RETAIN_SELF = YES;
				CLANG_WARN_OBJC_LITERAL_CONVERSION = YES;
				CLANG_WARN_OBJC_ROOT_CLASS = YES_ERROR;
				CLANG_WARN_QUOTED_INCLUDE_IN_FRAMEWORK_HEADER = YES;
				CLANG_WARN_RANGE_LOOP_ANALYSIS = YES;
				CLANG_WARN_STRICT_PROTOTYPES = YES;
				CLANG_WARN_SUSPICIOUS_MOVE = YES;
				CLANG_WARN_UNGUARDED_AVAILABILITY = YES_AGGRESSIVE;
				CLANG_WARN_UNREACHABLE_CODE = YES;
				CLANG_WARN__DUPLICATE_METHOD_MATCH = YES;
				COPY_PHASE_STRIP = NO;
				DEBUG_INFORMATION_FORMAT = "dwarf-with-dsym";
				ENABLE_NS_ASSERTIONS = NO;
				ENABLE_STRICT_OBJC_MSGSEND = YES;
				GCC_C_LANGUAGE_STANDARD = gnu11;
				GCC_NO_COMMON_BLOCKS = YES;
				GCC_WARN_64_TO_32_BIT_CONVERSION = YES;
				GCC_WARN_ABOUT_RETURN_TYPE = YES_ERROR;
				GCC_WARN_UNDECLARED_SELECTOR = YES;
				GCC_WARN_UNINITIALIZED_AUTOS = YES_AGGRESSIVE;
				GCC_WARN_UNUSED_FUNCTION = YES;
				GCC_WARN_UNUSED_VARIABLE = YES;
				IPHONEOS_DEPLOYMENT_TARGET = 14.1;
				MTL_ENABLE_DEBUG_INFO = NO;
				MTL_FAST_MATH = YES;
				SDKROOT = iphoneos;
				SWIFT_COMPILATION_MODE = wholemodule;
				SWIFT_OPTIMIZATION_LEVEL = "-O";
				VALIDATE_PRODUCT = YES;
			};
			name = Release;
		};
		9483821526C2AA830073E450 /* Debug */ = {
			isa = XCBuildConfiguration;
			buildSettings = {
				ASSETCATALOG_COMPILER_APPICON_NAME = AppIcon;
				ASSETCATALOG_COMPILER_GLOBAL_ACCENT_COLOR_NAME = AccentColor;
				CODE_SIGN_STYLE = Automatic;
				DEVELOPMENT_ASSET_PATHS = "\"TestChangeView/Preview Content\"";
				DEVELOPMENT_TEAM = P72HL5U347;
				ENABLE_PREVIEWS = YES;
				INFOPLIST_FILE = TestChangeView/Info.plist;
				IPHONEOS_DEPLOYMENT_TARGET = 14.0;
				LD_RUNPATH_SEARCH_PATHS = (
					"$(inherited)",
					"@executable_path/Frameworks",
				);
				PRODUCT_BUNDLE_IDENTIFIER = com.BigFootSaigon.TestChangeView;
				PRODUCT_NAME = "$(TARGET_NAME)";
				SWIFT_VERSION = 5.0;
				TARGETED_DEVICE_FAMILY = "1,2";
			};
			name = Debug;
		};
		9483821626C2AA830073E450 /* Release */ = {
			isa = XCBuildConfiguration;
			buildSettings = {
				ASSETCATALOG_COMPILER_APPICON_NAME = AppIcon;
				ASSETCATALOG_COMPILER_GLOBAL_ACCENT_COLOR_NAME = AccentColor;
				CODE_SIGN_STYLE = Automatic;
				DEVELOPMENT_ASSET_PATHS = "\"TestChangeView/Preview Content\"";
				DEVELOPMENT_TEAM = P72HL5U347;
				ENABLE_PREVIEWS = YES;
				INFOPLIST_FILE = TestChangeView/Info.plist;
				IPHONEOS_DEPLOYMENT_TARGET = 14.0;
				LD_RUNPATH_SEARCH_PATHS = (
					"$(inherited)",
					"@executable_path/Frameworks",
				);
				PRODUCT_BUNDLE_IDENTIFIER = com.BigFootSaigon.TestChangeView;
				PRODUCT_NAME = "$(TARGET_NAME)";
				SWIFT_VERSION = 5.0;
				TARGETED_DEVICE_FAMILY = "1,2";
			};
			name = Release;
		};
/* End XCBuildConfiguration section */

/* Begin XCConfigurationList section */
		9483820026C2AA820073E450 /* Build configuration list for PBXProject "TestChangeView" */ = {
			isa = XCConfigurationList;
			buildConfigurations = (
				9483821226C2AA830073E450 /* Debug */,
				9483821326C2AA830073E450 /* Release */,
			);
			defaultConfigurationIsVisible = 0;
			defaultConfigurationName = Release;
		};
		9483821426C2AA830073E450 /* Build configuration list for PBXNativeTarget "TestChangeView" */ = {
			isa = XCConfigurationList;
			buildConfigurations = (
				9483821526C2AA830073E450 /* Debug */,
				9483821626C2AA830073E450 /* Release */,
			);
			defaultConfigurationIsVisible = 0;
			defaultConfigurationName = Release;
		};
/* End XCConfigurationList section */
	};
	rootObject = 948381FD26C2AA820073E450 /* Project object */;
}
